# THIS IS AN AUTOGENERATED FILE. DO NOT EDIT THIS FILE DIRECTLY.
# yarn lockfile v1


ansi-regex@^4.1.0:
  version "4.1.0"
  resolved "https://registry.yarnpkg.com/ansi-regex/-/ansi-regex-4.1.0.tgz#8b9f8f08cf1acb843756a839ca8c7e3168c51997"
  integrity sha512-1apePfXM1UOSqw0o9IiFAovVz9M5S1Dg+4TrDwfMewQ6p/rmMueb7tWZjQ1rx4Loy1ArBggoqGpfqqdI4rondg==

csv-generate@^4.0.3:
  version "4.0.3"
  resolved "https://registry.yarnpkg.com/csv-generate/-/csv-generate-4.0.3.tgz#bb95133c918dfcd4a104ce98326c0e4bea4d5aff"
  integrity sha512-BLkPf0MkFfPGNNkqjnT16aNMMHUrbbguDE0pMPDcqrBeMoPOKw04dPl1VNQd6+j/JjmrXjQfFKgz6p3FT+bJFA==

csv-parse@^5.0.3:
  version "5.0.3"
  resolved "https://registry.yarnpkg.com/csv-parse/-/csv-parse-5.0.3.tgz#eeb0b1ac8bf2970f703176c8f54d313325b6d2e8"
  integrity sha512-86R0WU4aEEF/1fPZKxP3NmDAYC4Ce1t9iFgKPZogG5Lvk4m9WZQkCEsDANktG29jppejwclTtEOzubN2ieCJqw==

csv-stringify@^6.0.4:
  version "6.0.4"
  resolved "https://registry.yarnpkg.com/csv-stringify/-/csv-stringify-6.0.4.tgz#8c1656fef2aa05c2ccf7401240d177944a08479e"
  integrity sha512-Z3EbRQWwkOV3Qc2fQnJmfjrxRgAwH9AncnNK2jmtTvBvFjj/hESZUGm42YvTh9kMw2OOGPHQn5Yt0EbqoRtUVQ==

csv@^6.0.4:
  version "6.0.4"
  resolved "https://registry.yarnpkg.com/csv/-/csv-6.0.4.tgz#67d77111f3595d7dc9c8fd4e36819d2f7b4f608e"
  integrity sha512-v/7cLK2clZ0QpAc+/1Bl+IF3U7Cxn0oszck+tJmnM2dC7yYPUz5A/i3r2ARkaVpd3RcAzOgTh94ISGzyfF/7XQ==
  dependencies:
    csv-generate "^4.0.3"
    csv-parse "^5.0.3"
    csv-stringify "^6.0.4"
    stream-transform "^3.0.3"

lodash-es@^4.17.21:
  version "4.17.21"
  resolved "https://registry.yarnpkg.com/lodash-es/-/lodash-es-4.17.21.tgz#43e626c46e6591b7750beb2b50117390c609e3ee"
  integrity sha512-mKnC+QJ9pWVzv+C4/U3rRsHapFfHvQFoFB92e52xeyGMcX6/OlIl78je1u8vePzYZSkkogMPJ2yjxxsb89cxyw==

prompt-sync@^4.2.0:
  version "4.2.0"
  resolved "https://registry.yarnpkg.com/prompt-sync/-/prompt-sync-4.2.0.tgz#0198f73c5b70e3b03e4b9033a50540a7c9a1d7f4"
  integrity sha512-BuEzzc5zptP5LsgV5MZETjDaKSWfchl5U9Luiu8SKp7iZWD5tZalOxvNcZRwv+d2phNFr8xlbxmFNcRKfJOzJw==
  dependencies:
    strip-ansi "^5.0.0"

stream-transform@^3.0.3:
  version "3.0.3"
  resolved "https://registry.yarnpkg.com/stream-transform/-/stream-transform-3.0.3.tgz#db9a3b47aef30fba8723d8c71e6ee3af7d2512ae"
  integrity sha512-LU+lJFT1/slgy9Yvgdr21D6PAxm1O7KoEWmXWwiqAHsocbF7woPF0xBXDGuqRycTV3tcrLq0zk+5LhjgCgI3KQ==

strip-ansi@^5.0.0:
  version "5.2.0"
  resolved "https://registry.yarnpkg.com/strip-ansi/-/strip-ansi-5.2.0.tgz#8c9a536feb6afc962bdfa5b104a5091c1ad9c0ae"
  integrity sha512-DuRs1gKbBqsMKIZlrffwlug8MHkcnpjs5VPmL1PAh+mA30U0DTotfDZ0d2UUsXpPmPmMMJ6W773MaA3J+lbiWA==
  dependencies:
    ansi-regex "^4.1.0"
